// !$*UTF8*$!
{
	archiveVersion = 1;
	classes = {
	};
	objectVersion = 46;
	objects = {

/* Begin PBXBuildFile section */
		E81461461BC363B7000FFD55 /* recipient_details.PNG in Resources */ = {isa = PBXBuildFile; fileRef = E81461451BC363B7000FFD55 /* recipient_details.PNG */; settings = {ASSET_TAGS = (); }; };
		E81461481BC36617000FFD55 /* RecipientDetailsViewController.swift in Sources */ = {isa = PBXBuildFile; fileRef = E81461471BC36617000FFD55 /* RecipientDetailsViewController.swift */; settings = {ASSET_TAGS = (); }; };
		E814614E1BC42957000FFD55 /* TextInputTableViewController.swift in Sources */ = {isa = PBXBuildFile; fileRef = E814614D1BC42957000FFD55 /* TextInputTableViewController.swift */; settings = {ASSET_TAGS = (); }; };
		E8442C7C1BC5C2A3009CF92D /* LoginViewController.swift in Sources */ = {isa = PBXBuildFile; fileRef = E885BF861BBA10B800E6299A /* LoginViewController.swift */; settings = {ASSET_TAGS = (); }; };
		E85F87D61BCCEE4400950401 /* launch_pic.png in Resources */ = {isa = PBXBuildFile; fileRef = E85F87D51BCCEE4400950401 /* launch_pic.png */; settings = {ASSET_TAGS = (); }; };
		E885BF451BB8C52400E6299A /* AppDelegate.swift in Sources */ = {isa = PBXBuildFile; fileRef = E885BF441BB8C52400E6299A /* AppDelegate.swift */; };
		E885BF471BB8C52400E6299A /* ViewController.swift in Sources */ = {isa = PBXBuildFile; fileRef = E885BF461BB8C52400E6299A /* ViewController.swift */; };
		E885BF4A1BB8C52400E6299A /* Main.storyboard in Resources */ = {isa = PBXBuildFile; fileRef = E885BF481BB8C52400E6299A /* Main.storyboard */; };
		E885BF4C1BB8C52400E6299A /* Assets.xcassets in Resources */ = {isa = PBXBuildFile; fileRef = E885BF4B1BB8C52400E6299A /* Assets.xcassets */; };
		E885BF4F1BB8C52400E6299A /* LaunchScreen.storyboard in Resources */ = {isa = PBXBuildFile; fileRef = E885BF4D1BB8C52400E6299A /* LaunchScreen.storyboard */; };
		E885BF651BB8C52400E6299A /* BB_Block_ChainUITests.swift in Sources */ = {isa = PBXBuildFile; fileRef = E885BF641BB8C52400E6299A /* BB_Block_ChainUITests.swift */; };
		E885BF731BB8C87900E6299A /* screenshots in Resources */ = {isa = PBXBuildFile; fileRef = E885BF721BB8C87900E6299A /* screenshots */; settings = {ASSET_TAGS = (); }; };
		E885BF791BB8EC2700E6299A /* lock_white_red2.png in Resources */ = {isa = PBXBuildFile; fileRef = E885BF781BB8EC2700E6299A /* lock_white_red2.png */; settings = {ASSET_TAGS = (); }; };
		E885BF7B1BB8ECFC00E6299A /* email_white_red.png in Resources */ = {isa = PBXBuildFile; fileRef = E885BF7A1BB8ECFC00E6299A /* email_white_red.png */; settings = {ASSET_TAGS = (); }; };
		E885BF7D1BB8EE0E00E6299A /* username_white_red.png in Resources */ = {isa = PBXBuildFile; fileRef = E885BF7C1BB8EE0E00E6299A /* username_white_red.png */; settings = {ASSET_TAGS = (); }; };
		E885BF7F1BB8F6D700E6299A /* IMG_2987.PNG in Resources */ = {isa = PBXBuildFile; fileRef = E885BF7E1BB8F6D700E6299A /* IMG_2987.PNG */; settings = {ASSET_TAGS = (); }; };
		E885BF811BB8FD0100E6299A /* IMG_2987 copy.PNG in Resources */ = {isa = PBXBuildFile; fileRef = E885BF801BB8FD0100E6299A /* IMG_2987 copy.PNG */; settings = {ASSET_TAGS = (); }; };
		E885BF851BB9A57A00E6299A /* RegisterPageViewController.swift in Sources */ = {isa = PBXBuildFile; fileRef = E885BF841BB9A57A00E6299A /* RegisterPageViewController.swift */; settings = {ASSET_TAGS = (); }; };
		E885BF871BBA10B800E6299A /* LoginViewController.swift in Sources */ = {isa = PBXBuildFile; fileRef = E885BF861BBA10B800E6299A /* LoginViewController.swift */; settings = {ASSET_TAGS = (); }; };
		E885BF881BBB0AB100E6299A /* RegisterPageViewController.swift in Sources */ = {isa = PBXBuildFile; fileRef = E885BF841BB9A57A00E6299A /* RegisterPageViewController.swift */; settings = {ASSET_TAGS = (); }; };
		E885BF8A1BBB1F7700E6299A /* BB_Block_ChainTests.swift in Sources */ = {isa = PBXBuildFile; fileRef = E885BF591BB8C52400E6299A /* BB_Block_ChainTests.swift */; settings = {ASSET_TAGS = (); }; };
		E885BF8C1BBBA39500E6299A /* IMG_2988.PNG in Resources */ = {isa = PBXBuildFile; fileRef = E885BF8B1BBBA39500E6299A /* IMG_2988.PNG */; settings = {ASSET_TAGS = (); }; };
		E885BF8E1BBD95DB00E6299A /* IMG_3001.PNG in Resources */ = {isa = PBXBuildFile; fileRef = E885BF8D1BBD95DB00E6299A /* IMG_3001.PNG */; settings = {ASSET_TAGS = (); }; };
		E885BF901BBD964500E6299A /* transfer_details_header.PNG in Resources */ = {isa = PBXBuildFile; fileRef = E885BF8F1BBD964500E6299A /* transfer_details_header.PNG */; settings = {ASSET_TAGS = (); }; };
		E885BF921BBD9BA200E6299A /* send_money_header.PNG in Resources */ = {isa = PBXBuildFile; fileRef = E885BF911BBD9BA200E6299A /* send_money_header.PNG */; settings = {ASSET_TAGS = (); }; };
		E89674211BC43E84001FF398 /* 5RowTableView.png in Resources */ = {isa = PBXBuildFile; fileRef = E89674201BC43E84001FF398 /* 5RowTableView.png */; settings = {ASSET_TAGS = (); }; };
		E89674231BC43EE6001FF398 /* 5RowTableView2.png in Resources */ = {isa = PBXBuildFile; fileRef = E89674221BC43EE6001FF398 /* 5RowTableView2.png */; settings = {ASSET_TAGS = (); }; };
		E89674271BC45058001FF398 /* ConfirmViewController.swift in Sources */ = {isa = PBXBuildFile; fileRef = E89674261BC45058001FF398 /* ConfirmViewController.swift */; settings = {ASSET_TAGS = (); }; };
		E896742B1BC4B29E001FF398 /* confirm_header.PNG in Resources */ = {isa = PBXBuildFile; fileRef = E896742A1BC4B29E001FF398 /* confirm_header.PNG */; settings = {ASSET_TAGS = (); }; };
		E8E173391BBE22DD00E4577F /* TransferDetailsViewController.swift in Sources */ = {isa = PBXBuildFile; fileRef = E8E173381BBE22DD00E4577F /* TransferDetailsViewController.swift */; settings = {ASSET_TAGS = (); }; };
		E8E1733B1BBF8F1B00E4577F /* amount_header3.PNG in Resources */ = {isa = PBXBuildFile; fileRef = E8E1733A1BBF8F1B00E4577F /* amount_header3.PNG */; settings = {ASSET_TAGS = (); }; };
		E8E1733F1BBF94EF00E4577F /* AmountViewController.swift in Sources */ = {isa = PBXBuildFile; fileRef = E8E1733E1BBF94EF00E4577F /* AmountViewController.swift */; settings = {ASSET_TAGS = (); }; };
		E8E173411BC0D6BD00E4577F /* TransferDetails2ViewController.swift in Sources */ = {isa = PBXBuildFile; fileRef = E8E173401BC0D6BD00E4577F /* TransferDetails2ViewController.swift */; settings = {ASSET_TAGS = (); }; };
		E8E54BE41BC6F13700F87EA1 /* Fabric.framework in Frameworks */ = {isa = PBXBuildFile; fileRef = E8E54BE21BC6F13700F87EA1 /* Fabric.framework */; settings = {ASSET_TAGS = (); }; };
		E8E54BE51BC6F13700F87EA1 /* Crashlytics.framework in Frameworks */ = {isa = PBXBuildFile; fileRef = E8E54BE31BC6F13700F87EA1 /* Crashlytics.framework */; settings = {ASSET_TAGS = (); }; };
/* End PBXBuildFile section */

/* Begin PBXContainerItemProxy section */
		E885BF561BB8C52400E6299A /* PBXContainerItemProxy */ = {
			isa = PBXContainerItemProxy;
			containerPortal = E885BF391BB8C52400E6299A /* Project object */;
			proxyType = 1;
			remoteGlobalIDString = E885BF401BB8C52400E6299A;
			remoteInfo = "BB Block Chain";
		};
		E885BF611BB8C52400E6299A /* PBXContainerItemProxy */ = {
			isa = PBXContainerItemProxy;
			containerPortal = E885BF391BB8C52400E6299A /* Project object */;
			proxyType = 1;
			remoteGlobalIDString = E885BF401BB8C52400E6299A;
			remoteInfo = "BB Block Chain";
		};
/* End PBXContainerItemProxy section */

/* Begin PBXFileReference section */
		E81461451BC363B7000FFD55 /* recipient_details.PNG */ = {isa = PBXFileReference; lastKnownFileType = image.png; path = recipient_details.PNG; sourceTree = "<group>"; };
		E81461471BC36617000FFD55 /* RecipientDetailsViewController.swift */ = {isa = PBXFileReference; fileEncoding = 4; lastKnownFileType = sourcecode.swift; path = RecipientDetailsViewController.swift; sourceTree = "<group>"; };
		E814614D1BC42957000FFD55 /* TextInputTableViewController.swift */ = {isa = PBXFileReference; fileEncoding = 4; lastKnownFileType = sourcecode.swift; path = TextInputTableViewController.swift; sourceTree = "<group>"; };
		E85F87D51BCCEE4400950401 /* launch_pic.png */ = {isa = PBXFileReference; lastKnownFileType = image.png; path = launch_pic.png; sourceTree = "<group>"; };
		E885BF411BB8C52400E6299A /* BB Block Chain Chain.app */ = {isa = PBXFileReference; explicitFileType = wrapper.application; includeInIndex = 0; path = "BB Block Chain Chain.app"; sourceTree = BUILT_PRODUCTS_DIR; };
		E885BF441BB8C52400E6299A /* AppDelegate.swift */ = {isa = PBXFileReference; lastKnownFileType = sourcecode.swift; path = AppDelegate.swift; sourceTree = "<group>"; };
		E885BF461BB8C52400E6299A /* ViewController.swift */ = {isa = PBXFileReference; lastKnownFileType = sourcecode.swift; path = ViewController.swift; sourceTree = "<group>"; };
		E885BF491BB8C52400E6299A /* Base */ = {isa = PBXFileReference; lastKnownFileType = file.storyboard; name = Base; path = Base.lproj/Main.storyboard; sourceTree = "<group>"; };
		E885BF4B1BB8C52400E6299A /* Assets.xcassets */ = {isa = PBXFileReference; lastKnownFileType = folder.assetcatalog; path = Assets.xcassets; sourceTree = "<group>"; };
		E885BF4E1BB8C52400E6299A /* Base */ = {isa = PBXFileReference; lastKnownFileType = file.storyboard; name = Base; path = Base.lproj/LaunchScreen.storyboard; sourceTree = "<group>"; };
		E885BF501BB8C52400E6299A /* Info.plist */ = {isa = PBXFileReference; lastKnownFileType = text.plist.xml; path = Info.plist; sourceTree = "<group>"; };
		E885BF551BB8C52400E6299A /* BB Block Chain Chain.xctest */ = {isa = PBXFileReference; explicitFileType = wrapper.cfbundle; includeInIndex = 0; path = "BB Block Chain Chain.xctest"; sourceTree = BUILT_PRODUCTS_DIR; };
		E885BF591BB8C52400E6299A /* BB_Block_ChainTests.swift */ = {isa = PBXFileReference; lastKnownFileType = sourcecode.swift; path = BB_Block_ChainTests.swift; sourceTree = "<group>"; };
		E885BF5B1BB8C52400E6299A /* Info.plist */ = {isa = PBXFileReference; lastKnownFileType = text.plist.xml; path = Info.plist; sourceTree = "<group>"; };
		E885BF601BB8C52400E6299A /* BB Block Chain Chain.xctest */ = {isa = PBXFileReference; explicitFileType = wrapper.cfbundle; includeInIndex = 0; path = "BB Block Chain Chain.xctest"; sourceTree = BUILT_PRODUCTS_DIR; };
		E885BF641BB8C52400E6299A /* BB_Block_ChainUITests.swift */ = {isa = PBXFileReference; lastKnownFileType = sourcecode.swift; path = BB_Block_ChainUITests.swift; sourceTree = "<group>"; };
		E885BF661BB8C52400E6299A /* Info.plist */ = {isa = PBXFileReference; lastKnownFileType = text.plist.xml; path = Info.plist; sourceTree = "<group>"; };
		E885BF721BB8C87900E6299A /* screenshots */ = {isa = PBXFileReference; lastKnownFileType = folder; path = screenshots; sourceTree = "<group>"; };
		E885BF781BB8EC2700E6299A /* lock_white_red2.png */ = {isa = PBXFileReference; lastKnownFileType = image.png; path = lock_white_red2.png; sourceTree = "<group>"; };
		E885BF7A1BB8ECFC00E6299A /* email_white_red.png */ = {isa = PBXFileReference; lastKnownFileType = image.png; path = email_white_red.png; sourceTree = "<group>"; };
		E885BF7C1BB8EE0E00E6299A /* username_white_red.png */ = {isa = PBXFileReference; lastKnownFileType = image.png; path = username_white_red.png; sourceTree = "<group>"; };
		E885BF7E1BB8F6D700E6299A /* IMG_2987.PNG */ = {isa = PBXFileReference; lastKnownFileType = image.png; name = IMG_2987.PNG; path = screenshots/IMG_2987.PNG; sourceTree = "<group>"; };
		E885BF801BB8FD0100E6299A /* IMG_2987 copy.PNG */ = {isa = PBXFileReference; lastKnownFileType = image.png; name = "IMG_2987 copy.PNG"; path = "screenshots/IMG_2987 copy.PNG"; sourceTree = "<group>"; };
		E885BF841BB9A57A00E6299A /* RegisterPageViewController.swift */ = {isa = PBXFileReference; fileEncoding = 4; lastKnownFileType = sourcecode.swift; path = RegisterPageViewController.swift; sourceTree = "<group>"; };
		E885BF861BBA10B800E6299A /* LoginViewController.swift */ = {isa = PBXFileReference; fileEncoding = 4; lastKnownFileType = sourcecode.swift; path = LoginViewController.swift; sourceTree = "<group>"; };
		E885BF8B1BBBA39500E6299A /* IMG_2988.PNG */ = {isa = PBXFileReference; lastKnownFileType = image.png; name = IMG_2988.PNG; path = screenshots/IMG_2988.PNG; sourceTree = "<group>"; };
		E885BF8D1BBD95DB00E6299A /* IMG_3001.PNG */ = {isa = PBXFileReference; lastKnownFileType = image.png; path = IMG_3001.PNG; sourceTree = "<group>"; };
		E885BF8F1BBD964500E6299A /* transfer_details_header.PNG */ = {isa = PBXFileReference; lastKnownFileType = image.png; path = transfer_details_header.PNG; sourceTree = "<group>"; };
		E885BF911BBD9BA200E6299A /* send_money_header.PNG */ = {isa = PBXFileReference; lastKnownFileType = image.png; path = send_money_header.PNG; sourceTree = "<group>"; };
		E89674201BC43E84001FF398 /* 5RowTableView.png */ = {isa = PBXFileReference; lastKnownFileType = image.png; path = 5RowTableView.png; sourceTree = "<group>"; };
		E89674221BC43EE6001FF398 /* 5RowTableView2.png */ = {isa = PBXFileReference; lastKnownFileType = image.png; path = 5RowTableView2.png; sourceTree = "<group>"; };
		E89674261BC45058001FF398 /* ConfirmViewController.swift */ = {isa = PBXFileReference; fileEncoding = 4; lastKnownFileType = sourcecode.swift; path = ConfirmViewController.swift; sourceTree = "<group>"; };
		E896742A1BC4B29E001FF398 /* confirm_header.PNG */ = {isa = PBXFileReference; lastKnownFileType = image.png; path = confirm_header.PNG; sourceTree = "<group>"; };
		E8E173381BBE22DD00E4577F /* TransferDetailsViewController.swift */ = {isa = PBXFileReference; fileEncoding = 4; lastKnownFileType = sourcecode.swift; path = TransferDetailsViewController.swift; sourceTree = "<group>"; };
		E8E1733A1BBF8F1B00E4577F /* amount_header3.PNG */ = {isa = PBXFileReference; lastKnownFileType = image.png; path = amount_header3.PNG; sourceTree = "<group>"; };
		E8E1733E1BBF94EF00E4577F /* AmountViewController.swift */ = {isa = PBXFileReference; fileEncoding = 4; lastKnownFileType = sourcecode.swift; path = AmountViewController.swift; sourceTree = "<group>"; };
		E8E173401BC0D6BD00E4577F /* TransferDetails2ViewController.swift */ = {isa = PBXFileReference; fileEncoding = 4; lastKnownFileType = sourcecode.swift; path = TransferDetails2ViewController.swift; sourceTree = "<group>"; };
		E8E54BE21BC6F13700F87EA1 /* Fabric.framework */ = {isa = PBXFileReference; lastKnownFileType = wrapper.framework; path = Fabric.framework; sourceTree = "<group>"; };
		E8E54BE31BC6F13700F87EA1 /* Crashlytics.framework */ = {isa = PBXFileReference; lastKnownFileType = wrapper.framework; path = Crashlytics.framework; sourceTree = "<group>"; };
/* End PBXFileReference section */

/* Begin PBXFrameworksBuildPhase section */
		E885BF3E1BB8C52400E6299A /* Frameworks */ = {
			isa = PBXFrameworksBuildPhase;
			buildActionMask = 2147483647;
			files = (
				E8E54BE51BC6F13700F87EA1 /* Crashlytics.framework in Frameworks */,
				E8E54BE41BC6F13700F87EA1 /* Fabric.framework in Frameworks */,
			);
			runOnlyForDeploymentPostprocessing = 0;
		};
		E885BF521BB8C52400E6299A /* Frameworks */ = {
			isa = PBXFrameworksBuildPhase;
			buildActionMask = 2147483647;
			files = (
			);
			runOnlyForDeploymentPostprocessing = 0;
		};
		E885BF5D1BB8C52400E6299A /* Frameworks */ = {
			isa = PBXFrameworksBuildPhase;
			buildActionMask = 2147483647;
			files = (
			);
			runOnlyForDeploymentPostprocessing = 0;
		};
/* End PBXFrameworksBuildPhase section */

/* Begin PBXGroup section */
		E885BF381BB8C52400E6299A = {
			isa = PBXGroup;
			children = (
				E885BF431BB8C52400E6299A /* BB Block Chain */,
				E885BF581BB8C52400E6299A /* BB Block ChainTests */,
				E885BF631BB8C52400E6299A /* BB Block ChainUITests */,
				E885BF421BB8C52400E6299A /* Products */,
				E8E54BE21BC6F13700F87EA1 /* Fabric.framework */,
				E8E54BE31BC6F13700F87EA1 /* Crashlytics.framework */,
				E885BF911BBD9BA200E6299A /* send_money_header.PNG */,
				E885BF8F1BBD964500E6299A /* transfer_details_header.PNG */,
				E885BF8D1BBD95DB00E6299A /* IMG_3001.PNG */,
				E885BF781BB8EC2700E6299A /* lock_white_red2.png */,
				E885BF7A1BB8ECFC00E6299A /* email_white_red.png */,
				E885BF7C1BB8EE0E00E6299A /* username_white_red.png */,
				E885BF7E1BB8F6D700E6299A /* IMG_2987.PNG */,
				E885BF801BB8FD0100E6299A /* IMG_2987 copy.PNG */,
				E885BF8B1BBBA39500E6299A /* IMG_2988.PNG */,
				E8E1733A1BBF8F1B00E4577F /* amount_header3.PNG */,
				E81461451BC363B7000FFD55 /* recipient_details.PNG */,
				E89674201BC43E84001FF398 /* 5RowTableView.png */,
				E89674221BC43EE6001FF398 /* 5RowTableView2.png */,
				E896742A1BC4B29E001FF398 /* confirm_header.PNG */,
				E85F87D51BCCEE4400950401 /* launch_pic.png */,
				E885BF721BB8C87900E6299A /* screenshots */,
			);
			sourceTree = "<group>";
		};
		E885BF421BB8C52400E6299A /* Products */ = {
			isa = PBXGroup;
			children = (
				E885BF411BB8C52400E6299A /* BB Block Chain Chain.app */,
				E885BF551BB8C52400E6299A /* BB Block Chain Chain.xctest */,
				E885BF601BB8C52400E6299A /* BB Block Chain Chain.xctest */,
			);
			name = Products;
			sourceTree = "<group>";
		};
		E885BF431BB8C52400E6299A /* BB Block Chain */ = {
			isa = PBXGroup;
			children = (
				E885BF441BB8C52400E6299A /* AppDelegate.swift */,
				E885BF461BB8C52400E6299A /* ViewController.swift */,
				E885BF481BB8C52400E6299A /* Main.storyboard */,
				E885BF4B1BB8C52400E6299A /* Assets.xcassets */,
				E885BF4D1BB8C52400E6299A /* LaunchScreen.storyboard */,
				E885BF501BB8C52400E6299A /* Info.plist */,
				E885BF861BBA10B800E6299A /* LoginViewController.swift */,
				E885BF841BB9A57A00E6299A /* RegisterPageViewController.swift */,
				E8E173381BBE22DD00E4577F /* TransferDetailsViewController.swift */,
				E8E173401BC0D6BD00E4577F /* TransferDetails2ViewController.swift */,
				E8E1733E1BBF94EF00E4577F /* AmountViewController.swift */,
				E81461471BC36617000FFD55 /* RecipientDetailsViewController.swift */,
				E814614D1BC42957000FFD55 /* TextInputTableViewController.swift */,
				E89674261BC45058001FF398 /* ConfirmViewController.swift */,
			);
			path = "BB Block Chain";
			sourceTree = "<group>";
		};
		E885BF581BB8C52400E6299A /* BB Block ChainTests */ = {
			isa = PBXGroup;
			children = (
				E885BF591BB8C52400E6299A /* BB_Block_ChainTests.swift */,
				E885BF5B1BB8C52400E6299A /* Info.plist */,
			);
			path = "BB Block ChainTests";
			sourceTree = "<group>";
		};
		E885BF631BB8C52400E6299A /* BB Block ChainUITests */ = {
			isa = PBXGroup;
			children = (
				E885BF641BB8C52400E6299A /* BB_Block_ChainUITests.swift */,
				E885BF661BB8C52400E6299A /* Info.plist */,
			);
			path = "BB Block ChainUITests";
			sourceTree = "<group>";
		};
/* End PBXGroup section */

/* Begin PBXNativeTarget section */
		E885BF401BB8C52400E6299A /* BB Block Chain */ = {
			isa = PBXNativeTarget;
			buildConfigurationList = E885BF691BB8C52400E6299A /* Build configuration list for PBXNativeTarget "BB Block Chain" */;
			buildPhases = (
				E885BF3D1BB8C52400E6299A /* Sources */,
				E885BF3E1BB8C52400E6299A /* Frameworks */,
				E885BF3F1BB8C52400E6299A /* Resources */,
				E8442C7D1BC6CFF0009CF92D /* Run Script */,
				E8E54BE61BC725B200F87EA1 /* ShellScript */,
			);
			buildRules = (
			);
			dependencies = (
			);
			name = "BB Block Chain";
			productName = "BB Block Chain";
			productReference = E885BF411BB8C52400E6299A /* BB Block Chain Chain.app */;
			productType = "com.apple.product-type.application";
		};
		E885BF541BB8C52400E6299A /* BB Block ChainTests */ = {
			isa = PBXNativeTarget;
			buildConfigurationList = E885BF6C1BB8C52400E6299A /* Build configuration list for PBXNativeTarget "BB Block ChainTests" */;
			buildPhases = (
				E885BF511BB8C52400E6299A /* Sources */,
				E885BF521BB8C52400E6299A /* Frameworks */,
				E885BF531BB8C52400E6299A /* Resources */,
			);
			buildRules = (
			);
			dependencies = (
				E885BF571BB8C52400E6299A /* PBXTargetDependency */,
			);
			name = "BB Block ChainTests";
			productName = "BB Block ChainTests";
			productReference = E885BF551BB8C52400E6299A /* BB Block Chain Chain.xctest */;
			productType = "com.apple.product-type.bundle.unit-test";
		};
		E885BF5F1BB8C52400E6299A /* BB Block ChainUITests */ = {
			isa = PBXNativeTarget;
			buildConfigurationList = E885BF6F1BB8C52400E6299A /* Build configuration list for PBXNativeTarget "BB Block ChainUITests" */;
			buildPhases = (
				E885BF5C1BB8C52400E6299A /* Sources */,
				E885BF5D1BB8C52400E6299A /* Frameworks */,
				E885BF5E1BB8C52400E6299A /* Resources */,
			);
			buildRules = (
			);
			dependencies = (
				E885BF621BB8C52400E6299A /* PBXTargetDependency */,
			);
			name = "BB Block ChainUITests";
			productName = "BB Block ChainUITests";
			productReference = E885BF601BB8C52400E6299A /* BB Block Chain Chain.xctest */;
			productType = "com.apple.product-type.bundle.ui-testing";
		};
/* End PBXNativeTarget section */

/* Begin PBXProject section */
		E885BF391BB8C52400E6299A /* Project object */ = {
			isa = PBXProject;
			attributes = {
				LastUpgradeCheck = 0700;
				ORGANIZATIONNAME = "Nwamaka Nzeocha";
				TargetAttributes = {
					E885BF401BB8C52400E6299A = {
						CreatedOnToolsVersion = 7.0;
						DevelopmentTeam = 38YPA5B2RH;
					};
					E885BF541BB8C52400E6299A = {
						CreatedOnToolsVersion = 7.0;
						TestTargetID = E885BF401BB8C52400E6299A;
					};
					E885BF5F1BB8C52400E6299A = {
						CreatedOnToolsVersion = 7.0;
						TestTargetID = E885BF401BB8C52400E6299A;
					};
				};
			};
			buildConfigurationList = E885BF3C1BB8C52400E6299A /* Build configuration list for PBXProject "BB Block Chain" */;
			compatibilityVersion = "Xcode 3.2";
			developmentRegion = English;
			hasScannedForEncodings = 0;
			knownRegions = (
				en,
				Base,
			);
			mainGroup = E885BF381BB8C52400E6299A;
			productRefGroup = E885BF421BB8C52400E6299A /* Products */;
			projectDirPath = "";
			projectRoot = "";
			targets = (
				E885BF401BB8C52400E6299A /* BB Block Chain */,
				E885BF541BB8C52400E6299A /* BB Block ChainTests */,
				E885BF5F1BB8C52400E6299A /* BB Block ChainUITests */,
			);
		};
/* End PBXProject section */

/* Begin PBXResourcesBuildPhase section */
		E885BF3F1BB8C52400E6299A /* Resources */ = {
			isa = PBXResourcesBuildPhase;
			buildActionMask = 2147483647;
			files = (
				E885BF731BB8C87900E6299A /* screenshots in Resources */,
				E885BF921BBD9BA200E6299A /* send_money_header.PNG in Resources */,
				E81461461BC363B7000FFD55 /* recipient_details.PNG in Resources */,
				E885BF791BB8EC2700E6299A /* lock_white_red2.png in Resources */,
				E89674211BC43E84001FF398 /* 5RowTableView.png in Resources */,
				E885BF8C1BBBA39500E6299A /* IMG_2988.PNG in Resources */,
				E885BF7D1BB8EE0E00E6299A /* username_white_red.png in Resources */,
				E896742B1BC4B29E001FF398 /* confirm_header.PNG in Resources */,
				E8E1733B1BBF8F1B00E4577F /* amount_header3.PNG in Resources */,
				E885BF901BBD964500E6299A /* transfer_details_header.PNG in Resources */,
				E85F87D61BCCEE4400950401 /* launch_pic.png in Resources */,
				E885BF8E1BBD95DB00E6299A /* IMG_3001.PNG in Resources */,
				E885BF7B1BB8ECFC00E6299A /* email_white_red.png in Resources */,
				E885BF4F1BB8C52400E6299A /* LaunchScreen.storyboard in Resources */,
				E89674231BC43EE6001FF398 /* 5RowTableView2.png in Resources */,
				E885BF7F1BB8F6D700E6299A /* IMG_2987.PNG in Resources */,
				E885BF4C1BB8C52400E6299A /* Assets.xcassets in Resources */,
				E885BF4A1BB8C52400E6299A /* Main.storyboard in Resources */,
				E885BF811BB8FD0100E6299A /* IMG_2987 copy.PNG in Resources */,
			);
			runOnlyForDeploymentPostprocessing = 0;
		};
		E885BF531BB8C52400E6299A /* Resources */ = {
			isa = PBXResourcesBuildPhase;
			buildActionMask = 2147483647;
			files = (
			);
			runOnlyForDeploymentPostprocessing = 0;
		};
		E885BF5E1BB8C52400E6299A /* Resources */ = {
			isa = PBXResourcesBuildPhase;
			buildActionMask = 2147483647;
			files = (
			);
			runOnlyForDeploymentPostprocessing = 0;
		};
/* End PBXResourcesBuildPhase section */

/* Begin PBXShellScriptBuildPhase section */
		E8442C7D1BC6CFF0009CF92D /* Run Script */ = {
			isa = PBXShellScriptBuildPhase;
			buildActionMask = 2147483647;
			files = (
			);
			inputPaths = (
			);
			name = "Run Script";
			outputPaths = (
			);
			runOnlyForDeploymentPostprocessing = 0;
			shellPath = /bin/sh;
			shellScript = "./Fabric.framework/run 8e1055eacea1eded5c810b14684dc991f1a7b0fd 250859b791ebdfd9e8ddf2e083e86fa3fd767f6189122213a23ec52b1ca725ba";
		};
		E8E54BE61BC725B200F87EA1 /* ShellScript */ = {
			isa = PBXShellScriptBuildPhase;
			buildActionMask = 2147483647;
			files = (
			);
			inputPaths = (
			);
			outputPaths = (
			);
			runOnlyForDeploymentPostprocessing = 0;
			shellPath = /bin/sh;
			shellScript = "";
		};
/* End PBXShellScriptBuildPhase section */

/* Begin PBXSourcesBuildPhase section */
		E885BF3D1BB8C52400E6299A /* Sources */ = {
			isa = PBXSourcesBuildPhase;
			buildActionMask = 2147483647;
			files = (
				E8E173411BC0D6BD00E4577F /* TransferDetails2ViewController.swift in Sources */,
				E885BF871BBA10B800E6299A /* LoginViewController.swift in Sources */,
				E885BF471BB8C52400E6299A /* ViewController.swift in Sources */,
				E8E1733F1BBF94EF00E4577F /* AmountViewController.swift in Sources */,
				E885BF451BB8C52400E6299A /* AppDelegate.swift in Sources */,
				E89674271BC45058001FF398 /* ConfirmViewController.swift in Sources */,
				E8E173391BBE22DD00E4577F /* TransferDetailsViewController.swift in Sources */,
				E885BF851BB9A57A00E6299A /* RegisterPageViewController.swift in Sources */,
				E81461481BC36617000FFD55 /* RecipientDetailsViewController.swift in Sources */,
				E814614E1BC42957000FFD55 /* TextInputTableViewController.swift in Sources */,
			);
			runOnlyForDeploymentPostprocessing = 0;
		};
		E885BF511BB8C52400E6299A /* Sources */ = {
			isa = PBXSourcesBuildPhase;
			buildActionMask = 2147483647;
			files = (
				E8442C7C1BC5C2A3009CF92D /* LoginViewController.swift in Sources */,
				E885BF8A1BBB1F7700E6299A /* BB_Block_ChainTests.swift in Sources */,
			);
			runOnlyForDeploymentPostprocessing = 0;
		};
		E885BF5C1BB8C52400E6299A /* Sources */ = {
			isa = PBXSourcesBuildPhase;
			buildActionMask = 2147483647;
			files = (
				E885BF881BBB0AB100E6299A /* RegisterPageViewController.swift in Sources */,
				E885BF651BB8C52400E6299A /* BB_Block_ChainUITests.swift in Sources */,
			);
			runOnlyForDeploymentPostprocessing = 0;
		};
/* End PBXSourcesBuildPhase section */

/* Begin PBXTargetDependency section */
		E885BF571BB8C52400E6299A /* PBXTargetDependency */ = {
			isa = PBXTargetDependency;
			target = E885BF401BB8C52400E6299A /* BB Block Chain */;
			targetProxy = E885BF561BB8C52400E6299A /* PBXContainerItemProxy */;
		};
		E885BF621BB8C52400E6299A /* PBXTargetDependency */ = {
			isa = PBXTargetDependency;
			target = E885BF401BB8C52400E6299A /* BB Block Chain */;
			targetProxy = E885BF611BB8C52400E6299A /* PBXContainerItemProxy */;
		};
/* End PBXTargetDependency section */

/* Begin PBXVariantGroup section */
		E885BF481BB8C52400E6299A /* Main.storyboard */ = {
			isa = PBXVariantGroup;
			children = (
				E885BF491BB8C52400E6299A /* Base */,
			);
			name = Main.storyboard;
			sourceTree = "<group>";
		};
		E885BF4D1BB8C52400E6299A /* LaunchScreen.storyboard */ = {
			isa = PBXVariantGroup;
			children = (
				E885BF4E1BB8C52400E6299A /* Base */,
			);
			name = LaunchScreen.storyboard;
			sourceTree = "<group>";
		};
/* End PBXVariantGroup section */

/* Begin XCBuildConfiguration section */
		E885BF671BB8C52400E6299A /* Debug */ = {
			isa = XCBuildConfiguration;
			buildSettings = {
				ALWAYS_SEARCH_USER_PATHS = NO;
				CLANG_CXX_LANGUAGE_STANDARD = "gnu++0x";
				CLANG_CXX_LIBRARY = "libc++";
				CLANG_ENABLE_MODULES = YES;
				CLANG_ENABLE_OBJC_ARC = YES;
				CLANG_WARN_BOOL_CONVERSION = YES;
				CLANG_WARN_CONSTANT_CONVERSION = YES;
				CLANG_WARN_DIRECT_OBJC_ISA_USAGE = YES_ERROR;
				CLANG_WARN_EMPTY_BODY = YES;
				CLANG_WARN_ENUM_CONVERSION = YES;
				CLANG_WARN_INT_CONVERSION = YES;
				CLANG_WARN_OBJC_ROOT_CLASS = YES_ERROR;
				CLANG_WARN_UNREACHABLE_CODE = YES;
				CLANG_WARN__DUPLICATE_METHOD_MATCH = YES;
				"CODE_SIGN_IDENTITY[sdk=iphoneos*]" = "iPhone Developer";
				COPY_PHASE_STRIP = NO;
				DEBUG_INFORMATION_FORMAT = dwarf;
				ENABLE_STRICT_OBJC_MSGSEND = YES;
				ENABLE_TESTABILITY = YES;
				GCC_C_LANGUAGE_STANDARD = gnu99;
				GCC_DYNAMIC_NO_PIC = NO;
				GCC_NO_COMMON_BLOCKS = YES;
				GCC_OPTIMIZATION_LEVEL = 0;
				GCC_PREPROCESSOR_DEFINITIONS = (
					"DEBUG=1",
					"$(inherited)",
				);
				GCC_WARN_64_TO_32_BIT_CONVERSION = YES;
				GCC_WARN_ABOUT_RETURN_TYPE = YES_ERROR;
				GCC_WARN_UNDECLARED_SELECTOR = YES;
				GCC_WARN_UNINITIALIZED_AUTOS = YES_AGGRESSIVE;
				GCC_WARN_UNUSED_FUNCTION = YES;
				GCC_WARN_UNUSED_VARIABLE = YES;
				IPHONEOS_DEPLOYMENT_TARGET = 9.0;
				MTL_ENABLE_DEBUG_INFO = YES;
				ONLY_ACTIVE_ARCH = YES;
				PROVISIONING_PROFILE = "";
				SDKROOT = iphoneos;
				SWIFT_OPTIMIZATION_LEVEL = "-Onone";
			};
			name = Debug;
		};
		E885BF681BB8C52400E6299A /* Release */ = {
			isa = XCBuildConfiguration;
			buildSettings = {
				ALWAYS_SEARCH_USER_PATHS = NO;
				CLANG_CXX_LANGUAGE_STANDARD = "gnu++0x";
				CLANG_CXX_LIBRARY = "libc++";
				CLANG_ENABLE_MODULES = YES;
				CLANG_ENABLE_OBJC_ARC = YES;
				CLANG_WARN_BOOL_CONVERSION = YES;
				CLANG_WARN_CONSTANT_CONVERSION = YES;
				CLANG_WARN_DIRECT_OBJC_ISA_USAGE = YES_ERROR;
				CLANG_WARN_EMPTY_BODY = YES;
				CLANG_WARN_ENUM_CONVERSION = YES;
				CLANG_WARN_INT_CONVERSION = YES;
				CLANG_WARN_OBJC_ROOT_CLASS = YES_ERROR;
				CLANG_WARN_UNREACHABLE_CODE = YES;
				CLANG_WARN__DUPLICATE_METHOD_MATCH = YES;
				"CODE_SIGN_IDENTITY[sdk=iphoneos*]" = "iPhone Developer";
				COPY_PHASE_STRIP = NO;
				DEBUG_INFORMATION_FORMAT = "dwarf-with-dsym";
				ENABLE_NS_ASSERTIONS = NO;
				ENABLE_STRICT_OBJC_MSGSEND = YES;
				GCC_C_LANGUAGE_STANDARD = gnu99;
				GCC_NO_COMMON_BLOCKS = YES;
				GCC_WARN_64_TO_32_BIT_CONVERSION = YES;
				GCC_WARN_ABOUT_RETURN_TYPE = YES_ERROR;
				GCC_WARN_UNDECLARED_SELECTOR = YES;
				GCC_WARN_UNINITIALIZED_AUTOS = YES_AGGRESSIVE;
				GCC_WARN_UNUSED_FUNCTION = YES;
				GCC_WARN_UNUSED_VARIABLE = YES;
				IPHONEOS_DEPLOYMENT_TARGET = 9.0;
				MTL_ENABLE_DEBUG_INFO = NO;
				PROVISIONING_PROFILE = "";
				SDKROOT = iphoneos;
				VALIDATE_PRODUCT = YES;
			};
			name = Release;
		};
		E885BF6A1BB8C52400E6299A /* Debug */ = {
			isa = XCBuildConfiguration;
			buildSettings = {
				ASSETCATALOG_COMPILER_APPICON_NAME = AppIcon;
				CODE_SIGN_IDENTITY = "iPhone Developer";
				"CODE_SIGN_IDENTITY[sdk=*]" = "iPhone Developer";
				DEBUG_INFORMATION_FORMAT = "dwarf-with-dsym";
				FRAMEWORK_SEARCH_PATHS = (
					"$(inherited)",
					"$(PROJECT_DIR)/BB",
					Block,
					Chain,
					"$(PROJECT_DIR)",
				);
				INFOPLIST_FILE = "BB Block Chain/Info.plist";
				IPHONEOS_DEPLOYMENT_TARGET = 9.0;
				LD_RUNPATH_SEARCH_PATHS = "$(inherited) @executable_path/Frameworks";
				PRODUCT_BUNDLE_IDENTIFIER = "edu.cs2048.BB-Block-Chain";
				PRODUCT_NAME = "BB Block Chain Chain";
				PROVISIONING_PROFILE = "";
				TARGETED_DEVICE_FAMILY = 1;
			};
			name = Debug;
		};
		E885BF6B1BB8C52400E6299A /* Release */ = {
			isa = XCBuildConfiguration;
			buildSettings = {
				ASSETCATALOG_COMPILER_APPICON_NAME = AppIcon;
				CODE_SIGN_IDENTITY = "iPhone Developer";
				"CODE_SIGN_IDENTITY[sdk=iphoneos*]" = "iPhone Developer";
				DEBUG_INFORMATION_FORMAT = "dwarf-with-dsym";
				FRAMEWORK_SEARCH_PATHS = (
					"$(inherited)",
					"$(PROJECT_DIR)/BB",
					Block,
					Chain,
					"$(PROJECT_DIR)",
				);
				INFOPLIST_FILE = "BB Block Chain/Info.plist";
				IPHONEOS_DEPLOYMENT_TARGET = 9.0;
				LD_RUNPATH_SEARCH_PATHS = "$(inherited) @executable_path/Frameworks";
				PRODUCT_BUNDLE_IDENTIFIER = "edu.cs2048.BB-Block-Chain";
				PRODUCT_NAME = "BB Block Chain Chain";
				PROVISIONING_PROFILE = "";
				TARGETED_DEVICE_FAMILY = 1;
			};
			name = Release;
		};
		E885BF6D1BB8C52400E6299A /* Debug */ = {
			isa = XCBuildConfiguration;
			buildSettings = {
				BUNDLE_LOADER = "$(TEST_HOST)";
				INFOPLIST_FILE = "BB Block ChainTests/Info.plist";
				LD_RUNPATH_SEARCH_PATHS = "$(inherited) @executable_path/Frameworks @loader_path/Frameworks";
				PRODUCT_BUNDLE_IDENTIFIER = "edu.cs2048.BB-Block-ChainTests";
				PRODUCT_NAME = "BB Block Chain Chain";
				TEST_HOST = "$(BUILT_PRODUCTS_DIR)/BB Block Chain Chain.app/BB Block Chain Chain";
			};
			name = Debug;
		};
		E885BF6E1BB8C52400E6299A /* Release */ = {
			isa = XCBuildConfiguration;
			buildSettings = {
				BUNDLE_LOADER = "$(TEST_HOST)";
				INFOPLIST_FILE = "BB Block ChainTests/Info.plist";
				LD_RUNPATH_SEARCH_PATHS = "$(inherited) @executable_path/Frameworks @loader_path/Frameworks";
				PRODUCT_BUNDLE_IDENTIFIER = "edu.cs2048.BB-Block-ChainTests";
				PRODUCT_NAME = "BB Block Chain Chain";
				TEST_HOST = "$(BUILT_PRODUCTS_DIR)/BB Block Chain Chain.app/BB Block Chain Chain";
			};
			name = Release;
		};
		E885BF701BB8C52400E6299A /* Debug */ = {
			isa = XCBuildConfiguration;
			buildSettings = {
				INFOPLIST_FILE = "BB Block ChainUITests/Info.plist";
				LD_RUNPATH_SEARCH_PATHS = "$(inherited) @executable_path/Frameworks @loader_path/Frameworks";
				PRODUCT_BUNDLE_IDENTIFIER = "edu.cs2048.BB-Block-ChainUITests";
				PRODUCT_NAME = "BB Block Chain Chain";
				SKIP_INSTALL = YES;
				TEST_TARGET_NAME = "BB Block Chain";
				USES_XCTRUNNER = YES;
			};
			name = Debug;
		};
		E885BF711BB8C52400E6299A /* Release */ = {
			isa = XCBuildConfiguration;
			buildSettings = {
				INFOPLIST_FILE = "BB Block ChainUITests/Info.plist";
				LD_RUNPATH_SEARCH_PATHS = "$(inherited) @executable_path/Frameworks @loader_path/Frameworks";
				PRODUCT_BUNDLE_IDENTIFIER = "edu.cs2048.BB-Block-ChainUITests";
				PRODUCT_NAME = "BB Block Chain Chain";
				SKIP_INSTALL = YES;
				TEST_TARGET_NAME = "BB Block Chain";
				USES_XCTRUNNER = YES;
			};
			name = Release;
		};
/* End XCBuildConfiguration section */

/* Begin XCConfigurationList section */
		E885BF3C1BB8C52400E6299A /* Build configuration list for PBXProject "BB Block Chain" */ = {
			isa = XCConfigurationList;
			buildConfigurations = (
				E885BF671BB8C52400E6299A /* Debug */,
				E885BF681BB8C52400E6299A /* Release */,
			);
			defaultConfigurationIsVisible = 0;
			defaultConfigurationName = Release;
		};
		E885BF691BB8C52400E6299A /* Build configuration list for PBXNativeTarget "BB Block Chain" */ = {
			isa = XCConfigurationList;
			buildConfigurations = (
				E885BF6A1BB8C52400E6299A /* Debug */,
				E885BF6B1BB8C52400E6299A /* Release */,
			);
			defaultConfigurationIsVisible = 0;
			defaultConfigurationName = Release;
		};
		E885BF6C1BB8C52400E6299A /* Build configuration list for PBXNativeTarget "BB Block ChainTests" */ = {
			isa = XCConfigurationList;
			buildConfigurations = (
				E885BF6D1BB8C52400E6299A /* Debug */,
				E885BF6E1BB8C52400E6299A /* Release */,
			);
			defaultConfigurationIsVisible = 0;
			defaultConfigurationName = Release;
		};
		E885BF6F1BB8C52400E6299A /* Build configuration list for PBXNativeTarget "BB Block ChainUITests" */ = {
			isa = XCConfigurationList;
			buildConfigurations = (
				E885BF701BB8C52400E6299A /* Debug */,
				E885BF711BB8C52400E6299A /* Release */,
			);
			defaultConfigurationIsVisible = 0;
			defaultConfigurationName = Release;
		};
/* End XCConfigurationList section */
	};
	rootObject = E885BF391BB8C52400E6299A /* Project object */;
}
